
Microsoft Visual Studio Solution File, Format Version 12.00
# Visual Studio 14
VisualStudioVersion = 14.0.25420.1
MinimumVisualStudioVersion = 10.0.40219.1
Project("{8BB2217D-0F2D-49D1-97BC-3654ED321F3B}") = "NKafka", "NKafka\NKafka.xproj", "{765FB583-9762-48C1-BDC1-1B22AEBFCE9D}"
EndProject
Project("{8BB2217D-0F2D-49D1-97BC-3654ED321F3B}") = "NKafka.DevConsole", "NKafka.DevConsole\NKafka.DevConsole.xproj", "{0F3C8319-2964-494E-AD54-49892AB33CAF}"
EndProject
Global
	GlobalSection(SolutionConfigurationPlatforms) = preSolution
		Debug|Any CPU = Debug|Any CPU
		Release|Any CPU = Release|Any CPU
	EndGlobalSection
	GlobalSection(ProjectConfigurationPlatforms) = postSolution
		{765FB583-9762-48C1-BDC1-1B22AEBFCE9D}.Debug|Any CPU.ActiveCfg = Debug|Any CPU
		{765FB583-9762-48C1-BDC1-1B22AEBFCE9D}.Debug|Any CPU.Build.0 = Debug|Any CPU
		{765FB583-9762-48C1-BDC1-1B22AEBFCE9D}.Release|Any CPU.ActiveCfg = Release|Any CPU
		{765FB583-9762-48C1-BDC1-1B22AEBFCE9D}.Release|Any CPU.Build.0 = Release|Any CPU
		{0F3C8319-2964-494E-AD54-49892AB33CAF}.Debug|Any CPU.ActiveCfg = Debug|Any CPU
		{0F3C8319-2964-494E-AD54-49892AB33CAF}.Debug|Any CPU.Build.0 = Debug|Any CPU
		{0F3C8319-2964-494E-AD54-49892AB33CAF}.Release|Any CPU.ActiveCfg = Release|Any CPU
		{0F3C8319-2964-494E-AD54-49892AB33CAF}.Release|Any CPU.Build.0 = Release|Any CPU
	EndGlobalSection
	GlobalSection(SolutionProperties) = preSolution
		HideSolutionNode = FALSE
	EndGlobalSection
EndGlobal
